
Microsoft Visual Studio Solution File, Format Version 12.00
# Visual Studio Version 16
VisualStudioVersion = 16.0.28803.156
MinimumVisualStudioVersion = 10.0.40219.1
Project("{FAE04EC0-301F-11D3-BF4B-00C04F79EFBC}") = "CSharpRefreshment", "CSharpRefreshment\CSharpRefreshment.csproj", "{4C8305D7-D89F-46D4-BE50-48493F7B5B45}"
EndProject
Project("{FAE04EC0-301F-11D3-BF4B-00C04F79EFBC}") = "Amazon", "Amazon\Amazon.csproj", "{1181951B-6047-49DC-98D0-79AF3DC31F7E}"
EndProject
Project("{FAE04EC0-301F-11D3-BF4B-00C04F79EFBC}") = "CSharpRefreshment.UnitTests", "CSharpRefreshment.UnitTests\CSharpRefreshment.UnitTests.csproj", "{E92DB985-E941-476A-A09D-4B5FE910A2DA}"
EndProject
Global
	GlobalSection(SolutionConfigurationPlatforms) = preSolution
		Debug|Any CPU = Debug|Any CPU
		Release|Any CPU = Release|Any CPU
	EndGlobalSection
	GlobalSection(ProjectConfigurationPlatforms) = postSolution
		{4C8305D7-D89F-46D4-BE50-48493F7B5B45}.Debug|Any CPU.ActiveCfg = Debug|Any CPU
		{4C8305D7-D89F-46D4-BE50-48493F7B5B45}.Debug|Any CPU.Build.0 = Debug|Any CPU
		{4C8305D7-D89F-46D4-BE50-48493F7B5B45}.Release|Any CPU.ActiveCfg = Release|Any CPU
		{4C8305D7-D89F-46D4-BE50-48493F7B5B45}.Release|Any CPU.Build.0 = Release|Any CPU
		{1181951B-6047-49DC-98D0-79AF3DC31F7E}.Debug|Any CPU.ActiveCfg = Debug|Any CPU
		{1181951B-6047-49DC-98D0-79AF3DC31F7E}.Debug|Any CPU.Build.0 = Debug|Any CPU
		{1181951B-6047-49DC-98D0-79AF3DC31F7E}.Release|Any CPU.ActiveCfg = Release|Any CPU
		{1181951B-6047-49DC-98D0-79AF3DC31F7E}.Release|Any CPU.Build.0 = Release|Any CPU
		{E92DB985-E941-476A-A09D-4B5FE910A2DA}.Debug|Any CPU.ActiveCfg = Debug|Any CPU
		{E92DB985-E941-476A-A09D-4B5FE910A2DA}.Debug|Any CPU.Build.0 = Debug|Any CPU
		{E92DB985-E941-476A-A09D-4B5FE910A2DA}.Release|Any CPU.ActiveCfg = Release|Any CPU
		{E92DB985-E941-476A-A09D-4B5FE910A2DA}.Release|Any CPU.Build.0 = Release|Any CPU
	EndGlobalSection
	GlobalSection(SolutionProperties) = preSolution
		HideSolutionNode = FALSE
	EndGlobalSection
	GlobalSection(ExtensibilityGlobals) = postSolution
		SolutionGuid = {91E7DDE3-7EB1-435A-8522-69B6A352BE5E}
	EndGlobalSection
EndGlobal
